// !$*UTF8*$!
{
	archiveVersion = 1;
	classes = {
	};
	objectVersion = 46;
	objects = {

/* Begin PBXBuildFile section */
		29FAF096C9C2A421D1052AEB /* libPods-sego2.0.a in Frameworks */ = {isa = PBXBuildFile; fileRef = 31B103513844F6407150EB0A /* libPods-sego2.0.a */; };
		3461F52F1DD2BB0A00E56298 /* HomeViewController.m in Sources */ = {isa = PBXBuildFile; fileRef = 3461F52E1DD2BB0A00E56298 /* HomeViewController.m */; };
		3461F5321DD2BB1B00E56298 /* FriendViewController.m in Sources */ = {isa = PBXBuildFile; fileRef = 3461F5311DD2BB1B00E56298 /* FriendViewController.m */; };
		3461F5351DD2BB2B00E56298 /* FoundViewController.m in Sources */ = {isa = PBXBuildFile; fileRef = 3461F5341DD2BB2B00E56298 /* FoundViewController.m */; };
		3461F5391DD2BB5500E56298 /* LoginViewController.m in Sources */ = {isa = PBXBuildFile; fileRef = 3461F5371DD2BB5500E56298 /* LoginViewController.m */; };
		3461F53A1DD2BB5500E56298 /* LoginViewController.xib in Resources */ = {isa = PBXBuildFile; fileRef = 3461F5381DD2BB5500E56298 /* LoginViewController.xib */; };
		3461F53F1DD2BFB800E56298 /* Localizable.strings in Resources */ = {isa = PBXBuildFile; fileRef = 3461F53E1DD2BFB800E56298 /* Localizable.strings */; };
		3461F5441DD2CA0A00E56298 /* MeViewController.m in Sources */ = {isa = PBXBuildFile; fileRef = 3461F5431DD2CA0A00E56298 /* MeViewController.m */; };
		3461F5471DD2CA2500E56298 /* EggViewController.m in Sources */ = {isa = PBXBuildFile; fileRef = 3461F5461DD2CA2500E56298 /* EggViewController.m */; };
		3461F5521DD2CB4800E56298 /* tab_bangdan_dian@2x.png in Resources */ = {isa = PBXBuildFile; fileRef = 3461F5481DD2CB4800E56298 /* tab_bangdan_dian@2x.png */; };
		3461F5531DD2CB4800E56298 /* tab_bangdan@2x.png in Resources */ = {isa = PBXBuildFile; fileRef = 3461F5491DD2CB4800E56298 /* tab_bangdan@2x.png */; };
		3461F5541DD2CB4800E56298 /* tab_budaodan_dian@2x.png in Resources */ = {isa = PBXBuildFile; fileRef = 3461F54A1DD2CB4800E56298 /* tab_budaodan_dian@2x.png */; };
		3461F5551DD2CB4800E56298 /* tab_budaodan@2x.png in Resources */ = {isa = PBXBuildFile; fileRef = 3461F54B1DD2CB4800E56298 /* tab_budaodan@2x.png */; };
		3461F5561DD2CB4800E56298 /* tab_faxian_dian@2x.png in Resources */ = {isa = PBXBuildFile; fileRef = 3461F54C1DD2CB4800E56298 /* tab_faxian_dian@2x.png */; };
		3461F5571DD2CB4800E56298 /* tab_faxian@2x.png in Resources */ = {isa = PBXBuildFile; fileRef = 3461F54D1DD2CB4800E56298 /* tab_faxian@2x.png */; };
		3461F5581DD2CB4800E56298 /* tab_my_dian@2x.png in Resources */ = {isa = PBXBuildFile; fileRef = 3461F54E1DD2CB4800E56298 /* tab_my_dian@2x.png */; };
		3461F5591DD2CB4800E56298 /* tab_my@2x.png in Resources */ = {isa = PBXBuildFile; fileRef = 3461F54F1DD2CB4800E56298 /* tab_my@2x.png */; };
		3461F55A1DD2CB4800E56298 /* tab_squar_dian@2x.png in Resources */ = {isa = PBXBuildFile; fileRef = 3461F5501DD2CB4800E56298 /* tab_squar_dian@2x.png */; };
		3461F55B1DD2CB4800E56298 /* tab_squar@2x.png in Resources */ = {isa = PBXBuildFile; fileRef = 3461F5511DD2CB4800E56298 /* tab_squar@2x.png */; };
		3461F55F1DD2D00100E56298 /* AppUtil.m in Sources */ = {isa = PBXBuildFile; fileRef = 3461F55E1DD2D00100E56298 /* AppUtil.m */; };
		34C495D41DD1CAF700687606 /* AppDelegate+Sephone.m in Sources */ = {isa = PBXBuildFile; fileRef = 34C495D31DD1CAF700687606 /* AppDelegate+Sephone.m */; };
		34C495D71DD1CB2900687606 /* AppDelegate+Launcher.m in Sources */ = {isa = PBXBuildFile; fileRef = 34C495D61DD1CB2900687606 /* AppDelegate+Launcher.m */; };
		34C495DA1DD1CB3900687606 /* AppDelegate+ShareSDK.m in Sources */ = {isa = PBXBuildFile; fileRef = 34C495D91DD1CB3900687606 /* AppDelegate+ShareSDK.m */; };
		34C495EA1DD1CD5400687606 /* UIActionSheet+Blocks.m in Sources */ = {isa = PBXBuildFile; fileRef = 34C495DD1DD1CD5400687606 /* UIActionSheet+Blocks.m */; };
		34C495EB1DD1CD5400687606 /* UIAlertView+Blocks.m in Sources */ = {isa = PBXBuildFile; fileRef = 34C495E01DD1CD5400687606 /* UIAlertView+Blocks.m */; };
		34C495EC1DD1CD5400687606 /* UIButton+Blocks.m in Sources */ = {isa = PBXBuildFile; fileRef = 34C495E31DD1CD5400687606 /* UIButton+Blocks.m */; };
		34C495ED1DD1CD5400687606 /* UIImage-Extensions.m in Sources */ = {isa = PBXBuildFile; fileRef = 34C495E61DD1CD5400687606 /* UIImage-Extensions.m */; };
		34C495EE1DD1CD5400687606 /* UIView+TapBlocks.m in Sources */ = {isa = PBXBuildFile; fileRef = 34C495E91DD1CD5400687606 /* UIView+TapBlocks.m */; };
		34C495F71DD1CD6C00687606 /* NSString+URLEncoding.m in Sources */ = {isa = PBXBuildFile; fileRef = 34C495F01DD1CD6C00687606 /* NSString+URLEncoding.m */; };
		34C495F81DD1CD6C00687606 /* QFTableView.m in Sources */ = {isa = PBXBuildFile; fileRef = 34C495F21DD1CD6C00687606 /* QFTableView.m */; };
		34C495F91DD1CD6C00687606 /* UIView+Sizes.m in Sources */ = {isa = PBXBuildFile; fileRef = 34C495F41DD1CD6C00687606 /* UIView+Sizes.m */; };
		34C495FA1DD1CD6C00687606 /* UIViewController+HUD.m in Sources */ = {isa = PBXBuildFile; fileRef = 34C495F61DD1CD6C00687606 /* UIViewController+HUD.m */; };
		34C495FD1DD1CF4700687606 /* AccountManager.m in Sources */ = {isa = PBXBuildFile; fileRef = 34C495FC1DD1CF4700687606 /* AccountManager.m */; };
		34C496001DD1CFE000687606 /* LoginModel.m in Sources */ = {isa = PBXBuildFile; fileRef = 34C495FF1DD1CFE000687606 /* LoginModel.m */; };
		34C496031DD1D15900687606 /* MainTabViewController.m in Sources */ = {isa = PBXBuildFile; fileRef = 34C496021DD1D15900687606 /* MainTabViewController.m */; };
		34C496061DD1D21700687606 /* BaseViewController.m in Sources */ = {isa = PBXBuildFile; fileRef = 34C496051DD1D21700687606 /* BaseViewController.m */; };
		34FC41D71DD179F900A23A8F /* main.m in Sources */ = {isa = PBXBuildFile; fileRef = 34FC41D61DD179F900A23A8F /* main.m */; };
		34FC41DA1DD179F900A23A8F /* AppDelegate.m in Sources */ = {isa = PBXBuildFile; fileRef = 34FC41D91DD179F900A23A8F /* AppDelegate.m */; };
		34FC41DD1DD179F900A23A8F /* ViewController.m in Sources */ = {isa = PBXBuildFile; fileRef = 34FC41DC1DD179F900A23A8F /* ViewController.m */; };
		34FC41E01DD179F900A23A8F /* Main.storyboard in Resources */ = {isa = PBXBuildFile; fileRef = 34FC41DE1DD179F900A23A8F /* Main.storyboard */; };
		34FC41E31DD179F900A23A8F /* sego2_0.xcdatamodeld in Sources */ = {isa = PBXBuildFile; fileRef = 34FC41E11DD179F900A23A8F /* sego2_0.xcdatamodeld */; };
		34FC41E51DD179F900A23A8F /* Assets.xcassets in Resources */ = {isa = PBXBuildFile; fileRef = 34FC41E41DD179F900A23A8F /* Assets.xcassets */; };
		34FC41E81DD179F900A23A8F /* LaunchScreen.storyboard in Resources */ = {isa = PBXBuildFile; fileRef = 34FC41E61DD179F900A23A8F /* LaunchScreen.storyboard */; };
/* End PBXBuildFile section */

/* Begin PBXFileReference section */
		31B103513844F6407150EB0A /* libPods-sego2.0.a */ = {isa = PBXFileReference; explicitFileType = archive.ar; includeInIndex = 0; path = "libPods-sego2.0.a"; sourceTree = BUILT_PRODUCTS_DIR; };
		3461F52D1DD2BB0A00E56298 /* HomeViewController.h */ = {isa = PBXFileReference; fileEncoding = 4; lastKnownFileType = sourcecode.c.h; path = HomeViewController.h; sourceTree = "<group>"; };
		3461F52E1DD2BB0A00E56298 /* HomeViewController.m */ = {isa = PBXFileReference; fileEncoding = 4; lastKnownFileType = sourcecode.c.objc; path = HomeViewController.m; sourceTree = "<group>"; };
		3461F5301DD2BB1B00E56298 /* FriendViewController.h */ = {isa = PBXFileReference; fileEncoding = 4; lastKnownFileType = sourcecode.c.h; path = FriendViewController.h; sourceTree = "<group>"; };
		3461F5311DD2BB1B00E56298 /* FriendViewController.m */ = {isa = PBXFileReference; fileEncoding = 4; lastKnownFileType = sourcecode.c.objc; path = FriendViewController.m; sourceTree = "<group>"; };
		3461F5331DD2BB2B00E56298 /* FoundViewController.h */ = {isa = PBXFileReference; fileEncoding = 4; lastKnownFileType = sourcecode.c.h; path = FoundViewController.h; sourceTree = "<group>"; };
		3461F5341DD2BB2B00E56298 /* FoundViewController.m */ = {isa = PBXFileReference; fileEncoding = 4; lastKnownFileType = sourcecode.c.objc; path = FoundViewController.m; sourceTree = "<group>"; };
		3461F5361DD2BB5500E56298 /* LoginViewController.h */ = {isa = PBXFileReference; fileEncoding = 4; lastKnownFileType = sourcecode.c.h; path = LoginViewController.h; sourceTree = "<group>"; };
		3461F5371DD2BB5500E56298 /* LoginViewController.m */ = {isa = PBXFileReference; fileEncoding = 4; lastKnownFileType = sourcecode.c.objc; path = LoginViewController.m; sourceTree = "<group>"; };
		3461F5381DD2BB5500E56298 /* LoginViewController.xib */ = {isa = PBXFileReference; fileEncoding = 4; lastKnownFileType = file.xib; path = LoginViewController.xib; sourceTree = "<group>"; };
		3461F53E1DD2BFB800E56298 /* Localizable.strings */ = {isa = PBXFileReference; fileEncoding = 4; lastKnownFileType = text.plist.strings; path = Localizable.strings; sourceTree = "<group>"; };
		3461F5421DD2CA0A00E56298 /* MeViewController.h */ = {isa = PBXFileReference; fileEncoding = 4; lastKnownFileType = sourcecode.c.h; path = MeViewController.h; sourceTree = "<group>"; };
		3461F5431DD2CA0A00E56298 /* MeViewController.m */ = {isa = PBXFileReference; fileEncoding = 4; lastKnownFileType = sourcecode.c.objc; path = MeViewController.m; sourceTree = "<group>"; };
		3461F5451DD2CA2500E56298 /* EggViewController.h */ = {isa = PBXFileReference; fileEncoding = 4; lastKnownFileType = sourcecode.c.h; path = EggViewController.h; sourceTree = "<group>"; };
		3461F5461DD2CA2500E56298 /* EggViewController.m */ = {isa = PBXFileReference; fileEncoding = 4; lastKnownFileType = sourcecode.c.objc; path = EggViewController.m; sourceTree = "<group>"; };
		3461F5481DD2CB4800E56298 /* tab_bangdan_dian@2x.png */ = {isa = PBXFileReference; lastKnownFileType = image.png; path = "tab_bangdan_dian@2x.png"; sourceTree = "<group>"; };
		3461F5491DD2CB4800E56298 /* tab_bangdan@2x.png */ = {isa = PBXFileReference; lastKnownFileType = image.png; path = "tab_bangdan@2x.png"; sourceTree = "<group>"; };
		3461F54A1DD2CB4800E56298 /* tab_budaodan_dian@2x.png */ = {isa = PBXFileReference; lastKnownFileType = image.png; path = "tab_budaodan_dian@2x.png"; sourceTree = "<group>"; };
		3461F54B1DD2CB4800E56298 /* tab_budaodan@2x.png */ = {isa = PBXFileReference; lastKnownFileType = image.png; path = "tab_budaodan@2x.png"; sourceTree = "<group>"; };
		3461F54C1DD2CB4800E56298 /* tab_faxian_dian@2x.png */ = {isa = PBXFileReference; lastKnownFileType = image.png; path = "tab_faxian_dian@2x.png"; sourceTree = "<group>"; };
		3461F54D1DD2CB4800E56298 /* tab_faxian@2x.png */ = {isa = PBXFileReference; lastKnownFileType = image.png; path = "tab_faxian@2x.png"; sourceTree = "<group>"; };
		3461F54E1DD2CB4800E56298 /* tab_my_dian@2x.png */ = {isa = PBXFileReference; lastKnownFileType = image.png; path = "tab_my_dian@2x.png"; sourceTree = "<group>"; };
		3461F54F1DD2CB4800E56298 /* tab_my@2x.png */ = {isa = PBXFileReference; lastKnownFileType = image.png; path = "tab_my@2x.png"; sourceTree = "<group>"; };
		3461F5501DD2CB4800E56298 /* tab_squar_dian@2x.png */ = {isa = PBXFileReference; lastKnownFileType = image.png; path = "tab_squar_dian@2x.png"; sourceTree = "<group>"; };
		3461F5511DD2CB4800E56298 /* tab_squar@2x.png */ = {isa = PBXFileReference; lastKnownFileType = image.png; path = "tab_squar@2x.png"; sourceTree = "<group>"; };
		3461F55D1DD2D00100E56298 /* AppUtil.h */ = {isa = PBXFileReference; fileEncoding = 4; lastKnownFileType = sourcecode.c.h; path = AppUtil.h; sourceTree = "<group>"; };
		3461F55E1DD2D00100E56298 /* AppUtil.m */ = {isa = PBXFileReference; fileEncoding = 4; lastKnownFileType = sourcecode.c.objc; path = AppUtil.m; sourceTree = "<group>"; };
		34C495C81DD1C0E100687606 /* PrefixHeader.pch */ = {isa = PBXFileReference; lastKnownFileType = sourcecode.c.h; path = PrefixHeader.pch; sourceTree = "<group>"; };
		34C495D21DD1CAF700687606 /* AppDelegate+Sephone.h */ = {isa = PBXFileReference; fileEncoding = 4; lastKnownFileType = sourcecode.c.h; path = "AppDelegate+Sephone.h"; sourceTree = "<group>"; };
		34C495D31DD1CAF700687606 /* AppDelegate+Sephone.m */ = {isa = PBXFileReference; fileEncoding = 4; lastKnownFileType = sourcecode.c.objc; path = "AppDelegate+Sephone.m"; sourceTree = "<group>"; };
		34C495D51DD1CB2900687606 /* AppDelegate+Launcher.h */ = {isa = PBXFileReference; fileEncoding = 4; lastKnownFileType = sourcecode.c.h; path = "AppDelegate+Launcher.h"; sourceTree = "<group>"; };
		34C495D61DD1CB2900687606 /* AppDelegate+Launcher.m */ = {isa = PBXFileReference; fileEncoding = 4; lastKnownFileType = sourcecode.c.objc; path = "AppDelegate+Launcher.m"; sourceTree = "<group>"; };
		34C495D81DD1CB3900687606 /* AppDelegate+ShareSDK.h */ = {isa = PBXFileReference; fileEncoding = 4; lastKnownFileType = sourcecode.c.h; path = "AppDelegate+ShareSDK.h"; sourceTree = "<group>"; };
		34C495D91DD1CB3900687606 /* AppDelegate+ShareSDK.m */ = {isa = PBXFileReference; fileEncoding = 4; lastKnownFileType = sourcecode.c.objc; path = "AppDelegate+ShareSDK.m"; sourceTree = "<group>"; };
		34C495DC1DD1CD5400687606 /* UIActionSheet+Blocks.h */ = {isa = PBXFileReference; fileEncoding = 4; lastKnownFileType = sourcecode.c.h; path = "UIActionSheet+Blocks.h"; sourceTree = "<group>"; };
		34C495DD1DD1CD5400687606 /* UIActionSheet+Blocks.m */ = {isa = PBXFileReference; fileEncoding = 4; lastKnownFileType = sourcecode.c.objc; path = "UIActionSheet+Blocks.m"; sourceTree = "<group>"; };
		34C495DF1DD1CD5400687606 /* UIAlertView+Blocks.h */ = {isa = PBXFileReference; fileEncoding = 4; lastKnownFileType = sourcecode.c.h; path = "UIAlertView+Blocks.h"; sourceTree = "<group>"; };
		34C495E01DD1CD5400687606 /* UIAlertView+Blocks.m */ = {isa = PBXFileReference; fileEncoding = 4; lastKnownFileType = sourcecode.c.objc; path = "UIAlertView+Blocks.m"; sourceTree = "<group>"; };
		34C495E21DD1CD5400687606 /* UIButton+Blocks.h */ = {isa = PBXFileReference; fileEncoding = 4; lastKnownFileType = sourcecode.c.h; path = "UIButton+Blocks.h"; sourceTree = "<group>"; };
		34C495E31DD1CD5400687606 /* UIButton+Blocks.m */ = {isa = PBXFileReference; fileEncoding = 4; lastKnownFileType = sourcecode.c.objc; path = "UIButton+Blocks.m"; sourceTree = "<group>"; };
		34C495E51DD1CD5400687606 /* UIImage-Extensions.h */ = {isa = PBXFileReference; fileEncoding = 4; lastKnownFileType = sourcecode.c.h; path = "UIImage-Extensions.h"; sourceTree = "<group>"; };
		34C495E61DD1CD5400687606 /* UIImage-Extensions.m */ = {isa = PBXFileReference; fileEncoding = 4; lastKnownFileType = sourcecode.c.objc; path = "UIImage-Extensions.m"; sourceTree = "<group>"; };
		34C495E81DD1CD5400687606 /* UIView+TapBlocks.h */ = {isa = PBXFileReference; fileEncoding = 4; lastKnownFileType = sourcecode.c.h; path = "UIView+TapBlocks.h"; sourceTree = "<group>"; };
		34C495E91DD1CD5400687606 /* UIView+TapBlocks.m */ = {isa = PBXFileReference; fileEncoding = 4; lastKnownFileType = sourcecode.c.objc; path = "UIView+TapBlocks.m"; sourceTree = "<group>"; };
		34C495EF1DD1CD6C00687606 /* NSString+URLEncoding.h */ = {isa = PBXFileReference; fileEncoding = 4; lastKnownFileType = sourcecode.c.h; path = "NSString+URLEncoding.h"; sourceTree = "<group>"; };
		34C495F01DD1CD6C00687606 /* NSString+URLEncoding.m */ = {isa = PBXFileReference; fileEncoding = 4; lastKnownFileType = sourcecode.c.objc; path = "NSString+URLEncoding.m"; sourceTree = "<group>"; };
		34C495F11DD1CD6C00687606 /* QFTableView.h */ = {isa = PBXFileReference; fileEncoding = 4; lastKnownFileType = sourcecode.c.h; path = QFTableView.h; sourceTree = "<group>"; };
		34C495F21DD1CD6C00687606 /* QFTableView.m */ = {isa = PBXFileReference; fileEncoding = 4; lastKnownFileType = sourcecode.c.objc; path = QFTableView.m; sourceTree = "<group>"; };
		34C495F31DD1CD6C00687606 /* UIView+Sizes.h */ = {isa = PBXFileReference; fileEncoding = 4; lastKnownFileType = sourcecode.c.h; path = "UIView+Sizes.h"; sourceTree = "<group>"; };
		34C495F41DD1CD6C00687606 /* UIView+Sizes.m */ = {isa = PBXFileReference; fileEncoding = 4; lastKnownFileType = sourcecode.c.objc; path = "UIView+Sizes.m"; sourceTree = "<group>"; };
		34C495F51DD1CD6C00687606 /* UIViewController+HUD.h */ = {isa = PBXFileReference; fileEncoding = 4; lastKnownFileType = sourcecode.c.h; path = "UIViewController+HUD.h"; sourceTree = "<group>"; };
		34C495F61DD1CD6C00687606 /* UIViewController+HUD.m */ = {isa = PBXFileReference; fileEncoding = 4; lastKnownFileType = sourcecode.c.objc; path = "UIViewController+HUD.m"; sourceTree = "<group>"; };
		34C495FB1DD1CF4700687606 /* AccountManager.h */ = {isa = PBXFileReference; fileEncoding = 4; lastKnownFileType = sourcecode.c.h; path = AccountManager.h; sourceTree = "<group>"; };
		34C495FC1DD1CF4700687606 /* AccountManager.m */ = {isa = PBXFileReference; fileEncoding = 4; lastKnownFileType = sourcecode.c.objc; path = AccountManager.m; sourceTree = "<group>"; };
		34C495FE1DD1CFE000687606 /* LoginModel.h */ = {isa = PBXFileReference; fileEncoding = 4; lastKnownFileType = sourcecode.c.h; path = LoginModel.h; sourceTree = "<group>"; };
		34C495FF1DD1CFE000687606 /* LoginModel.m */ = {isa = PBXFileReference; fileEncoding = 4; lastKnownFileType = sourcecode.c.objc; path = LoginModel.m; sourceTree = "<group>"; };
		34C496011DD1D15900687606 /* MainTabViewController.h */ = {isa = PBXFileReference; fileEncoding = 4; lastKnownFileType = sourcecode.c.h; path = MainTabViewController.h; sourceTree = "<group>"; };
		34C496021DD1D15900687606 /* MainTabViewController.m */ = {isa = PBXFileReference; fileEncoding = 4; lastKnownFileType = sourcecode.c.objc; path = MainTabViewController.m; sourceTree = "<group>"; };
		34C496041DD1D21700687606 /* BaseViewController.h */ = {isa = PBXFileReference; fileEncoding = 4; lastKnownFileType = sourcecode.c.h; path = BaseViewController.h; sourceTree = "<group>"; };
		34C496051DD1D21700687606 /* BaseViewController.m */ = {isa = PBXFileReference; fileEncoding = 4; lastKnownFileType = sourcecode.c.objc; path = BaseViewController.m; sourceTree = "<group>"; };
		34E665761DD1A9CE00FA41E8 /* Definition.h */ = {isa = PBXFileReference; lastKnownFileType = sourcecode.c.h; path = Definition.h; sourceTree = "<group>"; };
		34FC41D21DD179F900A23A8F /* sego2.0.app */ = {isa = PBXFileReference; explicitFileType = wrapper.application; includeInIndex = 0; path = sego2.0.app; sourceTree = BUILT_PRODUCTS_DIR; };
		34FC41D61DD179F900A23A8F /* main.m */ = {isa = PBXFileReference; lastKnownFileType = sourcecode.c.objc; path = main.m; sourceTree = "<group>"; };
		34FC41D81DD179F900A23A8F /* AppDelegate.h */ = {isa = PBXFileReference; lastKnownFileType = sourcecode.c.h; name = AppDelegate.h; path = ../../AppDelegate.h; sourceTree = "<group>"; };
		34FC41D91DD179F900A23A8F /* AppDelegate.m */ = {isa = PBXFileReference; lastKnownFileType = sourcecode.c.objc; name = AppDelegate.m; path = ../../AppDelegate.m; sourceTree = "<group>"; };
		34FC41DB1DD179F900A23A8F /* ViewController.h */ = {isa = PBXFileReference; lastKnownFileType = sourcecode.c.h; path = ViewController.h; sourceTree = "<group>"; };
		34FC41DC1DD179F900A23A8F /* ViewController.m */ = {isa = PBXFileReference; lastKnownFileType = sourcecode.c.objc; path = ViewController.m; sourceTree = "<group>"; };
		34FC41DF1DD179F900A23A8F /* Base */ = {isa = PBXFileReference; lastKnownFileType = file.storyboard; name = Base; path = Base.lproj/Main.storyboard; sourceTree = "<group>"; };
		34FC41E21DD179F900A23A8F /* sego2_0.xcdatamodel */ = {isa = PBXFileReference; lastKnownFileType = wrapper.xcdatamodel; path = sego2_0.xcdatamodel; sourceTree = "<group>"; };
		34FC41E41DD179F900A23A8F /* Assets.xcassets */ = {isa = PBXFileReference; lastKnownFileType = folder.assetcatalog; path = Assets.xcassets; sourceTree = "<group>"; };
		34FC41E71DD179F900A23A8F /* Base */ = {isa = PBXFileReference; lastKnownFileType = file.storyboard; name = Base; path = Base.lproj/LaunchScreen.storyboard; sourceTree = "<group>"; };
		34FC41E91DD179F900A23A8F /* Info.plist */ = {isa = PBXFileReference; lastKnownFileType = text.plist.xml; path = Info.plist; sourceTree = "<group>"; };
		9BB5CB8271F3FD7EA2EAFCC8 /* Pods-sego2.0.debug.xcconfig */ = {isa = PBXFileReference; includeInIndex = 1; lastKnownFileType = text.xcconfig; name = "Pods-sego2.0.debug.xcconfig"; path = "Pods/Target Support Files/Pods-sego2.0/Pods-sego2.0.debug.xcconfig"; sourceTree = "<group>"; };
		D717670192D3D82245676E28 /* Pods-sego2.0.release.xcconfig */ = {isa = PBXFileReference; includeInIndex = 1; lastKnownFileType = text.xcconfig; name = "Pods-sego2.0.release.xcconfig"; path = "Pods/Target Support Files/Pods-sego2.0/Pods-sego2.0.release.xcconfig"; sourceTree = "<group>"; };
/* End PBXFileReference section */

/* Begin PBXFrameworksBuildPhase section */
		34FC41CF1DD179F900A23A8F /* Frameworks */ = {
			isa = PBXFrameworksBuildPhase;
			buildActionMask = 2147483647;
			files = (
				29FAF096C9C2A421D1052AEB /* libPods-sego2.0.a in Frameworks */,
			);
			runOnlyForDeploymentPostprocessing = 0;
		};
/* End PBXFrameworksBuildPhase section */

/* Begin PBXGroup section */
		06230F018F49D69628202DA8 /* Frameworks */ = {
			isa = PBXGroup;
			children = (
				31B103513844F6407150EB0A /* libPods-sego2.0.a */,
			);
			name = Frameworks;
			sourceTree = "<group>";
		};
		3461F53B1DD2BBD700E56298 /* Completionv */ = {
			isa = PBXGroup;
			children = (
			);
			name = Completionv;
			path = ../Completionv;
			sourceTree = "<group>";
		};
		3461F53C1DD2BBD700E56298 /* RegistV */ = {
			isa = PBXGroup;
			children = (
			);
			name = RegistV;
			path = ../RegistV;
			sourceTree = "<group>";
		};
		3461F53D1DD2BD6500E56298 /* Strings */ = {
			isa = PBXGroup;
			children = (
				3461F53E1DD2BFB800E56298 /* Localizable.strings */,
			);
			path = Strings;
			sourceTree = "<group>";
		};
		3461F5601DD2D32100E56298 /* Blooth */ = {
			isa = PBXGroup;
			children = (
			);
			path = Blooth;
			sourceTree = "<group>";
		};
		3461F5611DD2D32100E56298 /* InCall */ = {
			isa = PBXGroup;
			children = (
			);
			path = InCall;
			sourceTree = "<group>";
		};
		3461F5621DD2D32100E56298 /* Setting */ = {
			isa = PBXGroup;
			children = (
			);
			path = Setting;
			sourceTree = "<group>";
		};
		3461F5631DD2D32100E56298 /* Wifi */ = {
			isa = PBXGroup;
			children = (
			);
			path = Wifi;
			sourceTree = "<group>";
		};
		3461F5641DD2D39C00E56298 /* Guide */ = {
			isa = PBXGroup;
			children = (
			);
			path = Guide;
			sourceTree = "<group>";
		};
		34C495DB1DD1CD5400687606 /* UIActionSheet+Blocks */ = {
			isa = PBXGroup;
			children = (
				34C495DC1DD1CD5400687606 /* UIActionSheet+Blocks.h */,
				34C495DD1DD1CD5400687606 /* UIActionSheet+Blocks.m */,
			);
			path = "UIActionSheet+Blocks";
			sourceTree = "<group>";
		};
		34C495DE1DD1CD5400687606 /* UIAlertView+Blocks */ = {
			isa = PBXGroup;
			children = (
				34C495DF1DD1CD5400687606 /* UIAlertView+Blocks.h */,
				34C495E01DD1CD5400687606 /* UIAlertView+Blocks.m */,
			);
			path = "UIAlertView+Blocks";
			sourceTree = "<group>";
		};
		34C495E11DD1CD5400687606 /* UIButton+Blocks */ = {
			isa = PBXGroup;
			children = (
				34C495E21DD1CD5400687606 /* UIButton+Blocks.h */,
				34C495E31DD1CD5400687606 /* UIButton+Blocks.m */,
			);
			path = "UIButton+Blocks";
			sourceTree = "<group>";
		};
		34C495E41DD1CD5400687606 /* UIImage-Extensions */ = {
			isa = PBXGroup;
			children = (
				34C495E51DD1CD5400687606 /* UIImage-Extensions.h */,
				34C495E61DD1CD5400687606 /* UIImage-Extensions.m */,
			);
			path = "UIImage-Extensions";
			sourceTree = "<group>";
		};
		34C495E71DD1CD5400687606 /* UIView+TapBlocks */ = {
			isa = PBXGroup;
			children = (
				34C495E81DD1CD5400687606 /* UIView+TapBlocks.h */,
				34C495E91DD1CD5400687606 /* UIView+TapBlocks.m */,
			);
			path = "UIView+TapBlocks";
			sourceTree = "<group>";
		};
		34E665511DD1A38600FA41E8 /* Classes */ = {
			isa = PBXGroup;
			children = (
				34E665651DD1A66600FA41E8 /* Sephone */,
				34E665601DD1A66600FA41E8 /* AppDelegate */,
				34E665611DD1A66600FA41E8 /* Common */,
				34E665621DD1A66600FA41E8 /* Managers */,
				34E665631DD1A66600FA41E8 /* Models */,
				34E665641DD1A66600FA41E8 /* Network */,
				34E665661DD1A66600FA41E8 /* Vendors */,
				34E665671DD1A66600FA41E8 /* ViewControlls */,
			);
			path = Classes;
			sourceTree = "<group>";
		};
		34E665521DD1A3CA00FA41E8 /* Resources */ = {
			isa = PBXGroup;
			children = (
				34E665531DD1A43800FA41E8 /* Images */,
				3461F53D1DD2BD6500E56298 /* Strings */,
			);
			path = Resources;
			sourceTree = "<group>";
		};
		34E665531DD1A43800FA41E8 /* Images */ = {
			isa = PBXGroup;
			children = (
				34E6655E1DD1A5BC00FA41E8 /* found */,
				34E6655F1DD1A5BC00FA41E8 /* friend */,
				34E6655C1DD1A57000FA41E8 /* device */,
				34E6655D1DD1A57000FA41E8 /* me */,
				34E665591DD1A50800FA41E8 /* home */,
				34E6655A1DD1A50800FA41E8 /* login */,
				34E6655B1DD1A50800FA41E8 /* registered */,
				34E665581DD1A4CE00FA41E8 /* Guide page */,
				34E665541DD1A43800FA41E8 /* background */,
				34E665551DD1A43800FA41E8 /* btn */,
				34E665561DD1A43800FA41E8 /* nav */,
				34E665571DD1A43800FA41E8 /* tab bar */,
			);
			path = Images;
			sourceTree = "<group>";
		};
		34E665541DD1A43800FA41E8 /* background */ = {
			isa = PBXGroup;
			children = (
			);
			path = background;
			sourceTree = "<group>";
		};
		34E665551DD1A43800FA41E8 /* btn */ = {
			isa = PBXGroup;
			children = (
			);
			path = btn;
			sourceTree = "<group>";
		};
		34E665561DD1A43800FA41E8 /* nav */ = {
			isa = PBXGroup;
			children = (
			);
			path = nav;
			sourceTree = "<group>";
		};
		34E665571DD1A43800FA41E8 /* tab bar */ = {
			isa = PBXGroup;
			children = (
				3461F5481DD2CB4800E56298 /* tab_bangdan_dian@2x.png */,
				3461F5491DD2CB4800E56298 /* tab_bangdan@2x.png */,
				3461F54A1DD2CB4800E56298 /* tab_budaodan_dian@2x.png */,
				3461F54B1DD2CB4800E56298 /* tab_budaodan@2x.png */,
				3461F54C1DD2CB4800E56298 /* tab_faxian_dian@2x.png */,
				3461F54D1DD2CB4800E56298 /* tab_faxian@2x.png */,
				3461F54E1DD2CB4800E56298 /* tab_my_dian@2x.png */,
				3461F54F1DD2CB4800E56298 /* tab_my@2x.png */,
				3461F5501DD2CB4800E56298 /* tab_squar_dian@2x.png */,
				3461F5511DD2CB4800E56298 /* tab_squar@2x.png */,
			);
			path = "tab bar";
			sourceTree = "<group>";
		};
		34E665581DD1A4CE00FA41E8 /* Guide page */ = {
			isa = PBXGroup;
			children = (
			);
			path = "Guide page";
			sourceTree = "<group>";
		};
		34E665591DD1A50800FA41E8 /* home */ = {
			isa = PBXGroup;
			children = (
			);
			path = home;
			sourceTree = "<group>";
		};
		34E6655A1DD1A50800FA41E8 /* login */ = {
			isa = PBXGroup;
			children = (
			);
			path = login;
			sourceTree = "<group>";
		};
		34E6655B1DD1A50800FA41E8 /* registered */ = {
			isa = PBXGroup;
			children = (
			);
			path = registered;
			sourceTree = "<group>";
		};
		34E6655C1DD1A57000FA41E8 /* device */ = {
			isa = PBXGroup;
			children = (
			);
			path = device;
			sourceTree = "<group>";
		};
		34E6655D1DD1A57000FA41E8 /* me */ = {
			isa = PBXGroup;
			children = (
			);
			path = me;
			sourceTree = "<group>";
		};
		34E6655E1DD1A5BC00FA41E8 /* found */ = {
			isa = PBXGroup;
			children = (
			);
			path = found;
			sourceTree = "<group>";
		};
		34E6655F1DD1A5BC00FA41E8 /* friend */ = {
			isa = PBXGroup;
			children = (
			);
			path = friend;
			sourceTree = "<group>";
		};
		34E665601DD1A66600FA41E8 /* AppDelegate */ = {
			isa = PBXGroup;
			children = (
				34FC41D81DD179F900A23A8F /* AppDelegate.h */,
				34FC41D91DD179F900A23A8F /* AppDelegate.m */,
				34C495D21DD1CAF700687606 /* AppDelegate+Sephone.h */,
				34C495D31DD1CAF700687606 /* AppDelegate+Sephone.m */,
				34C495D51DD1CB2900687606 /* AppDelegate+Launcher.h */,
				34C495D61DD1CB2900687606 /* AppDelegate+Launcher.m */,
				34C495D81DD1CB3900687606 /* AppDelegate+ShareSDK.h */,
				34C495D91DD1CB3900687606 /* AppDelegate+ShareSDK.m */,
			);
			path = AppDelegate;
			sourceTree = "<group>";
		};
		34E665611DD1A66600FA41E8 /* Common */ = {
			isa = PBXGroup;
			children = (
				34E665681DD1A6F000FA41E8 /* Categories */,
				34E665691DD1A6F000FA41E8 /* Macro */,
				34E6656A1DD1A6F000FA41E8 /* Utils */,
				34E6656B1DD1A6F000FA41E8 /* Views */,
			);
			path = Common;
			sourceTree = "<group>";
		};
		34E665621DD1A66600FA41E8 /* Managers */ = {
			isa = PBXGroup;
			children = (
				34E6656C1DD1A73100FA41E8 /* Account */,
			);
			path = Managers;
			sourceTree = "<group>";
		};
		34E665631DD1A66600FA41E8 /* Models */ = {
			isa = PBXGroup;
			children = (
				34C495FE1DD1CFE000687606 /* LoginModel.h */,
				34C495FF1DD1CFE000687606 /* LoginModel.m */,
			);
			path = Models;
			sourceTree = "<group>";
		};
		34E665641DD1A66600FA41E8 /* Network */ = {
			isa = PBXGroup;
			children = (
			);
			path = Network;
			sourceTree = "<group>";
		};
		34E665651DD1A66600FA41E8 /* Sephone */ = {
			isa = PBXGroup;
			children = (
			);
			path = Sephone;
			sourceTree = "<group>";
		};
		34E665661DD1A66600FA41E8 /* Vendors */ = {
			isa = PBXGroup;
			children = (
			);
			path = Vendors;
			sourceTree = "<group>";
		};
		34E665671DD1A66600FA41E8 /* ViewControlls */ = {
			isa = PBXGroup;
			children = (
				34E665731DD1A86D00FA41E8 /* BaseV */,
				34E665741DD1A86D00FA41E8 /* MainTab */,
				34E665721DD1A84C00FA41E8 /* LoginV */,
				34E6656D1DD1A81000FA41E8 /* EggV */,
				34E6656E1DD1A81000FA41E8 /* FoundV */,
				34E6656F1DD1A81000FA41E8 /* FriendV */,
				34E665701DD1A81000FA41E8 /* HomeV */,
				34E665711DD1A81000FA41E8 /* MeV */,
			);
			path = ViewControlls;
			sourceTree = "<group>";
		};
		34E665681DD1A6F000FA41E8 /* Categories */ = {
			isa = PBXGroup;
			children = (
				34C495EF1DD1CD6C00687606 /* NSString+URLEncoding.h */,
				34C495F01DD1CD6C00687606 /* NSString+URLEncoding.m */,
				34C495F11DD1CD6C00687606 /* QFTableView.h */,
				34C495F21DD1CD6C00687606 /* QFTableView.m */,
				34C495F31DD1CD6C00687606 /* UIView+Sizes.h */,
				34C495F41DD1CD6C00687606 /* UIView+Sizes.m */,
				34C495F51DD1CD6C00687606 /* UIViewController+HUD.h */,
				34C495F61DD1CD6C00687606 /* UIViewController+HUD.m */,
				34C495DB1DD1CD5400687606 /* UIActionSheet+Blocks */,
				34C495DE1DD1CD5400687606 /* UIAlertView+Blocks */,
				34C495E11DD1CD5400687606 /* UIButton+Blocks */,
				34C495E41DD1CD5400687606 /* UIImage-Extensions */,
				34C495E71DD1CD5400687606 /* UIView+TapBlocks */,
			);
			path = Categories;
			sourceTree = "<group>";
		};
		34E665691DD1A6F000FA41E8 /* Macro */ = {
			isa = PBXGroup;
			children = (
				34E665761DD1A9CE00FA41E8 /* Definition.h */,
			);
			path = Macro;
			sourceTree = "<group>";
		};
		34E6656A1DD1A6F000FA41E8 /* Utils */ = {
			isa = PBXGroup;
			children = (
				3461F55D1DD2D00100E56298 /* AppUtil.h */,
				3461F55E1DD2D00100E56298 /* AppUtil.m */,
			);
			path = Utils;
			sourceTree = "<group>";
		};
		34E6656B1DD1A6F000FA41E8 /* Views */ = {
			isa = PBXGroup;
			children = (
			);
			path = Views;
			sourceTree = "<group>";
		};
		34E6656C1DD1A73100FA41E8 /* Account */ = {
			isa = PBXGroup;
			children = (
				34C495FB1DD1CF4700687606 /* AccountManager.h */,
				34C495FC1DD1CF4700687606 /* AccountManager.m */,
			);
			path = Account;
			sourceTree = "<group>";
		};
		34E6656D1DD1A81000FA41E8 /* EggV */ = {
			isa = PBXGroup;
			children = (
				3461F5601DD2D32100E56298 /* Blooth */,
				3461F5611DD2D32100E56298 /* InCall */,
				3461F5621DD2D32100E56298 /* Setting */,
				3461F5631DD2D32100E56298 /* Wifi */,
				3461F5451DD2CA2500E56298 /* EggViewController.h */,
				3461F5461DD2CA2500E56298 /* EggViewController.m */,
			);
			path = EggV;
			sourceTree = "<group>";
		};
		34E6656E1DD1A81000FA41E8 /* FoundV */ = {
			isa = PBXGroup;
			children = (
				3461F5331DD2BB2B00E56298 /* FoundViewController.h */,
				3461F5341DD2BB2B00E56298 /* FoundViewController.m */,
			);
			path = FoundV;
			sourceTree = "<group>";
		};
		34E6656F1DD1A81000FA41E8 /* FriendV */ = {
			isa = PBXGroup;
			children = (
				3461F5301DD2BB1B00E56298 /* FriendViewController.h */,
				3461F5311DD2BB1B00E56298 /* FriendViewController.m */,
			);
			path = FriendV;
			sourceTree = "<group>";
		};
		34E665701DD1A81000FA41E8 /* HomeV */ = {
			isa = PBXGroup;
			children = (
				3461F52D1DD2BB0A00E56298 /* HomeViewController.h */,
				3461F52E1DD2BB0A00E56298 /* HomeViewController.m */,
			);
			path = HomeV;
			sourceTree = "<group>";
		};
		34E665711DD1A81000FA41E8 /* MeV */ = {
			isa = PBXGroup;
			children = (
				3461F5421DD2CA0A00E56298 /* MeViewController.h */,
				3461F5431DD2CA0A00E56298 /* MeViewController.m */,
			);
			path = MeV;
			sourceTree = "<group>";
		};
		34E665721DD1A84C00FA41E8 /* LoginV */ = {
			isa = PBXGroup;
			children = (
				3461F53B1DD2BBD700E56298 /* Completionv */,
				3461F53C1DD2BBD700E56298 /* RegistV */,
				3461F5641DD2D39C00E56298 /* Guide */,
				3461F5361DD2BB5500E56298 /* LoginViewController.h */,
				3461F5371DD2BB5500E56298 /* LoginViewController.m */,
				3461F5381DD2BB5500E56298 /* LoginViewController.xib */,
			);
			path = LoginV;
			sourceTree = "<group>";
		};
		34E665731DD1A86D00FA41E8 /* BaseV */ = {
			isa = PBXGroup;
			children = (
				34C496041DD1D21700687606 /* BaseViewController.h */,
				34C496051DD1D21700687606 /* BaseViewController.m */,
			);
			path = BaseV;
			sourceTree = "<group>";
		};
		34E665741DD1A86D00FA41E8 /* MainTab */ = {
			isa = PBXGroup;
			children = (
				34C496011DD1D15900687606 /* MainTabViewController.h */,
				34C496021DD1D15900687606 /* MainTabViewController.m */,
			);
			path = MainTab;
			sourceTree = "<group>";
		};
		34FC41C91DD179F800A23A8F = {
			isa = PBXGroup;
			children = (
				34FC41D41DD179F900A23A8F /* sego2.0 */,
				34FC41D31DD179F900A23A8F /* Products */,
				97CD43707B355603191FA43A /* Pods */,
				06230F018F49D69628202DA8 /* Frameworks */,
			);
			sourceTree = "<group>";
		};
		34FC41D31DD179F900A23A8F /* Products */ = {
			isa = PBXGroup;
			children = (
				34FC41D21DD179F900A23A8F /* sego2.0.app */,
			);
			name = Products;
			sourceTree = "<group>";
		};
		34FC41D41DD179F900A23A8F /* sego2.0 */ = {
			isa = PBXGroup;
			children = (
				34E665511DD1A38600FA41E8 /* Classes */,
				34E665521DD1A3CA00FA41E8 /* Resources */,
				34FC41DB1DD179F900A23A8F /* ViewController.h */,
				34FC41DC1DD179F900A23A8F /* ViewController.m */,
				34FC41DE1DD179F900A23A8F /* Main.storyboard */,
				34FC41E41DD179F900A23A8F /* Assets.xcassets */,
				34FC41E61DD179F900A23A8F /* LaunchScreen.storyboard */,
				34FC41E91DD179F900A23A8F /* Info.plist */,
				34FC41E11DD179F900A23A8F /* sego2_0.xcdatamodeld */,
				34FC41D51DD179F900A23A8F /* Supporting Files */,
			);
			path = sego2.0;
			sourceTree = "<group>";
		};
		34FC41D51DD179F900A23A8F /* Supporting Files */ = {
			isa = PBXGroup;
			children = (
				34FC41D61DD179F900A23A8F /* main.m */,
				34C495C81DD1C0E100687606 /* PrefixHeader.pch */,
			);
			name = "Supporting Files";
			sourceTree = "<group>";
		};
		97CD43707B355603191FA43A /* Pods */ = {
			isa = PBXGroup;
			children = (
				9BB5CB8271F3FD7EA2EAFCC8 /* Pods-sego2.0.debug.xcconfig */,
				D717670192D3D82245676E28 /* Pods-sego2.0.release.xcconfig */,
			);
			name = Pods;
			sourceTree = "<group>";
		};
/* End PBXGroup section */

/* Begin PBXNativeTarget section */
		34FC41D11DD179F900A23A8F /* sego2.0 */ = {
			isa = PBXNativeTarget;
			buildConfigurationList = 34FC41EC1DD179F900A23A8F /* Build configuration list for PBXNativeTarget "sego2.0" */;
			buildPhases = (
				F2A0F76A1570E27C30D711E7 /* [CP] Check Pods Manifest.lock */,
				34FC41CE1DD179F900A23A8F /* Sources */,
				34FC41CF1DD179F900A23A8F /* Frameworks */,
				34FC41D01DD179F900A23A8F /* Resources */,
				CCEFC983411BF468BEF9245F /* [CP] Embed Pods Frameworks */,
				6D02CD07439866F6575BA359 /* [CP] Copy Pods Resources */,
			);
			buildRules = (
			);
			dependencies = (
			);
			name = sego2.0;
			productName = sego2.0;
			productReference = 34FC41D21DD179F900A23A8F /* sego2.0.app */;
			productType = "com.apple.product-type.application";
		};
/* End PBXNativeTarget section */

/* Begin PBXProject section */
		34FC41CA1DD179F800A23A8F /* Project object */ = {
			isa = PBXProject;
			attributes = {
				LastUpgradeCheck = 0800;
				ORGANIZATIONNAME = yulei;
				TargetAttributes = {
					34FC41D11DD179F900A23A8F = {
						CreatedOnToolsVersion = 8.0;
						DevelopmentTeam = 4UKEB375ND;
						ProvisioningStyle = Automatic;
					};
				};
			};
			buildConfigurationList = 34FC41CD1DD179F800A23A8F /* Build configuration list for PBXProject "sego2.0" */;
			compatibilityVersion = "Xcode 3.2";
			developmentRegion = English;
			hasScannedForEncodings = 0;
			knownRegions = (
				en,
				Base,
			);
			mainGroup = 34FC41C91DD179F800A23A8F;
			productRefGroup = 34FC41D31DD179F900A23A8F /* Products */;
			projectDirPath = "";
			projectRoot = "";
			targets = (
				34FC41D11DD179F900A23A8F /* sego2.0 */,
			);
		};
/* End PBXProject section */

/* Begin PBXResourcesBuildPhase section */
		34FC41D01DD179F900A23A8F /* Resources */ = {
			isa = PBXResourcesBuildPhase;
			buildActionMask = 2147483647;
			files = (
				3461F55B1DD2CB4800E56298 /* tab_squar@2x.png in Resources */,
				34FC41E81DD179F900A23A8F /* LaunchScreen.storyboard in Resources */,
				3461F53A1DD2BB5500E56298 /* LoginViewController.xib in Resources */,
				3461F5581DD2CB4800E56298 /* tab_my_dian@2x.png in Resources */,
				3461F55A1DD2CB4800E56298 /* tab_squar_dian@2x.png in Resources */,
				3461F5591DD2CB4800E56298 /* tab_my@2x.png in Resources */,
				3461F5521DD2CB4800E56298 /* tab_bangdan_dian@2x.png in Resources */,
				3461F5561DD2CB4800E56298 /* tab_faxian_dian@2x.png in Resources */,
				3461F53F1DD2BFB800E56298 /* Localizable.strings in Resources */,
				3461F5541DD2CB4800E56298 /* tab_budaodan_dian@2x.png in Resources */,
				3461F5551DD2CB4800E56298 /* tab_budaodan@2x.png in Resources */,
				34FC41E51DD179F900A23A8F /* Assets.xcassets in Resources */,
				34FC41E01DD179F900A23A8F /* Main.storyboard in Resources */,
				3461F5571DD2CB4800E56298 /* tab_faxian@2x.png in Resources */,
				3461F5531DD2CB4800E56298 /* tab_bangdan@2x.png in Resources */,
			);
			runOnlyForDeploymentPostprocessing = 0;
		};
/* End PBXResourcesBuildPhase section */

/* Begin PBXShellScriptBuildPhase section */
		6D02CD07439866F6575BA359 /* [CP] Copy Pods Resources */ = {
			isa = PBXShellScriptBuildPhase;
			buildActionMask = 2147483647;
			files = (
			);
			inputPaths = (
			);
			name = "[CP] Copy Pods Resources";
			outputPaths = (
			);
			runOnlyForDeploymentPostprocessing = 0;
			shellPath = /bin/sh;
			shellScript = "\"${SRCROOT}/Pods/Target Support Files/Pods-sego2.0/Pods-sego2.0-resources.sh\"\n";
			showEnvVarsInLog = 0;
		};
		CCEFC983411BF468BEF9245F /* [CP] Embed Pods Frameworks */ = {
			isa = PBXShellScriptBuildPhase;
			buildActionMask = 2147483647;
			files = (
			);
			inputPaths = (
			);
			name = "[CP] Embed Pods Frameworks";
			outputPaths = (
			);
			runOnlyForDeploymentPostprocessing = 0;
			shellPath = /bin/sh;
			shellScript = "\"${SRCROOT}/Pods/Target Support Files/Pods-sego2.0/Pods-sego2.0-frameworks.sh\"\n";
			showEnvVarsInLog = 0;
		};
		F2A0F76A1570E27C30D711E7 /* [CP] Check Pods Manifest.lock */ = {
			isa = PBXShellScriptBuildPhase;
			buildActionMask = 2147483647;
			files = (
			);
			inputPaths = (
			);
			name = "[CP] Check Pods Manifest.lock";
			outputPaths = (
			);
			runOnlyForDeploymentPostprocessing = 0;
			shellPath = /bin/sh;
			shellScript = "diff \"${PODS_ROOT}/../Podfile.lock\" \"${PODS_ROOT}/Manifest.lock\" > /dev/null\nif [[ $? != 0 ]] ; then\n    cat << EOM\nerror: The sandbox is not in sync with the Podfile.lock. Run 'pod install' or update your CocoaPods installation.\nEOM\n    exit 1\nfi\n";
			showEnvVarsInLog = 0;
		};
/* End PBXShellScriptBuildPhase section */

/* Begin PBXSourcesBuildPhase section */
		34FC41CE1DD179F900A23A8F /* Sources */ = {
			isa = PBXSourcesBuildPhase;
			buildActionMask = 2147483647;
			files = (
				34C495DA1DD1CB3900687606 /* AppDelegate+ShareSDK.m in Sources */,
				3461F5391DD2BB5500E56298 /* LoginViewController.m in Sources */,
				34C496061DD1D21700687606 /* BaseViewController.m in Sources */,
				34C495EC1DD1CD5400687606 /* UIButton+Blocks.m in Sources */,
				34C495D71DD1CB2900687606 /* AppDelegate+Launcher.m in Sources */,
				34FC41DD1DD179F900A23A8F /* ViewController.m in Sources */,
				34C496031DD1D15900687606 /* MainTabViewController.m in Sources */,
				34C495EE1DD1CD5400687606 /* UIView+TapBlocks.m in Sources */,
				34C495EB1DD1CD5400687606 /* UIAlertView+Blocks.m in Sources */,
				3461F55F1DD2D00100E56298 /* AppUtil.m in Sources */,
				3461F52F1DD2BB0A00E56298 /* HomeViewController.m in Sources */,
				34C495D41DD1CAF700687606 /* AppDelegate+Sephone.m in Sources */,
				34FC41DA1DD179F900A23A8F /* AppDelegate.m in Sources */,
				3461F5471DD2CA2500E56298 /* EggViewController.m in Sources */,
				34C495FD1DD1CF4700687606 /* AccountManager.m in Sources */,
				34C495F81DD1CD6C00687606 /* QFTableView.m in Sources */,
				34FC41D71DD179F900A23A8F /* main.m in Sources */,
				34C496001DD1CFE000687606 /* LoginModel.m in Sources */,
				3461F5321DD2BB1B00E56298 /* FriendViewController.m in Sources */,
				34C495FA1DD1CD6C00687606 /* UIViewController+HUD.m in Sources */,
				34C495ED1DD1CD5400687606 /* UIImage-Extensions.m in Sources */,
				34C495F71DD1CD6C00687606 /* NSString+URLEncoding.m in Sources */,
				34FC41E31DD179F900A23A8F /* sego2_0.xcdatamodeld in Sources */,
				3461F5441DD2CA0A00E56298 /* MeViewController.m in Sources */,
				34C495F91DD1CD6C00687606 /* UIView+Sizes.m in Sources */,
				34C495EA1DD1CD5400687606 /* UIActionSheet+Blocks.m in Sources */,
				3461F5351DD2BB2B00E56298 /* FoundViewController.m in Sources */,
			);
			runOnlyForDeploymentPostprocessing = 0;
		};
/* End PBXSourcesBuildPhase section */

/* Begin PBXVariantGroup section */
		34FC41DE1DD179F900A23A8F /* Main.storyboard */ = {
			isa = PBXVariantGroup;
			children = (
				34FC41DF1DD179F900A23A8F /* Base */,
			);
			name = Main.storyboard;
			sourceTree = "<group>";
		};
		34FC41E61DD179F900A23A8F /* LaunchScreen.storyboard */ = {
			isa = PBXVariantGroup;
			children = (
				34FC41E71DD179F900A23A8F /* Base */,
			);
			name = LaunchScreen.storyboard;
			sourceTree = "<group>";
		};
/* End PBXVariantGroup section */

/* Begin XCBuildConfiguration section */
		34FC41EA1DD179F900A23A8F /* Debug */ = {
			isa = XCBuildConfiguration;
			buildSettings = {
				ALWAYS_SEARCH_USER_PATHS = NO;
				CLANG_ANALYZER_LOCALIZABILITY_NONLOCALIZED = YES;
				CLANG_ANALYZER_NONNULL = YES;
				CLANG_CXX_LANGUAGE_STANDARD = "gnu++0x";
				CLANG_CXX_LIBRARY = "libc++";
				CLANG_ENABLE_MODULES = YES;
				CLANG_ENABLE_OBJC_ARC = YES;
				CLANG_WARN_BOOL_CONVERSION = YES;
				CLANG_WARN_CONSTANT_CONVERSION = YES;
				CLANG_WARN_DIRECT_OBJC_ISA_USAGE = YES_ERROR;
				CLANG_WARN_DOCUMENTATION_COMMENTS = YES;
				CLANG_WARN_EMPTY_BODY = YES;
				CLANG_WARN_ENUM_CONVERSION = YES;
				CLANG_WARN_INFINITE_RECURSION = YES;
				CLANG_WARN_INT_CONVERSION = YES;
				CLANG_WARN_OBJC_ROOT_CLASS = YES_ERROR;
				CLANG_WARN_SUSPICIOUS_MOVES = YES;
				CLANG_WARN_UNREACHABLE_CODE = YES;
				CLANG_WARN__DUPLICATE_METHOD_MATCH = YES;
				"CODE_SIGN_IDENTITY[sdk=iphoneos*]" = "iPhone Developer";
				COPY_PHASE_STRIP = NO;
				DEBUG_INFORMATION_FORMAT = dwarf;
				ENABLE_STRICT_OBJC_MSGSEND = YES;
				ENABLE_TESTABILITY = YES;
				GCC_C_LANGUAGE_STANDARD = gnu99;
				GCC_DYNAMIC_NO_PIC = NO;
				GCC_NO_COMMON_BLOCKS = YES;
				GCC_OPTIMIZATION_LEVEL = 0;
				GCC_PREPROCESSOR_DEFINITIONS = (
					"DEBUG=1",
					"$(inherited)",
				);
				GCC_WARN_64_TO_32_BIT_CONVERSION = YES;
				GCC_WARN_ABOUT_RETURN_TYPE = YES_ERROR;
				GCC_WARN_UNDECLARED_SELECTOR = YES;
				GCC_WARN_UNINITIALIZED_AUTOS = YES_AGGRESSIVE;
				GCC_WARN_UNUSED_FUNCTION = YES;
				GCC_WARN_UNUSED_VARIABLE = YES;
				IPHONEOS_DEPLOYMENT_TARGET = 10.0;
				MTL_ENABLE_DEBUG_INFO = YES;
				ONLY_ACTIVE_ARCH = YES;
				SDKROOT = iphoneos;
				TARGETED_DEVICE_FAMILY = "1,2";
			};
			name = Debug;
		};
		34FC41EB1DD179F900A23A8F /* Release */ = {
			isa = XCBuildConfiguration;
			buildSettings = {
				ALWAYS_SEARCH_USER_PATHS = NO;
				CLANG_ANALYZER_LOCALIZABILITY_NONLOCALIZED = YES;
				CLANG_ANALYZER_NONNULL = YES;
				CLANG_CXX_LANGUAGE_STANDARD = "gnu++0x";
				CLANG_CXX_LIBRARY = "libc++";
				CLANG_ENABLE_MODULES = YES;
				CLANG_ENABLE_OBJC_ARC = YES;
				CLANG_WARN_BOOL_CONVERSION = YES;
				CLANG_WARN_CONSTANT_CONVERSION = YES;
				CLANG_WARN_DIRECT_OBJC_ISA_USAGE = YES_ERROR;
				CLANG_WARN_DOCUMENTATION_COMMENTS = YES;
				CLANG_WARN_EMPTY_BODY = YES;
				CLANG_WARN_ENUM_CONVERSION = YES;
				CLANG_WARN_INFINITE_RECURSION = YES;
				CLANG_WARN_INT_CONVERSION = YES;
				CLANG_WARN_OBJC_ROOT_CLASS = YES_ERROR;
				CLANG_WARN_SUSPICIOUS_MOVES = YES;
				CLANG_WARN_UNREACHABLE_CODE = YES;
				CLANG_WARN__DUPLICATE_METHOD_MATCH = YES;
				"CODE_SIGN_IDENTITY[sdk=iphoneos*]" = "iPhone Developer";
				COPY_PHASE_STRIP = NO;
				DEBUG_INFORMATION_FORMAT = "dwarf-with-dsym";
				ENABLE_NS_ASSERTIONS = NO;
				ENABLE_STRICT_OBJC_MSGSEND = YES;
				GCC_C_LANGUAGE_STANDARD = gnu99;
				GCC_NO_COMMON_BLOCKS = YES;
				GCC_WARN_64_TO_32_BIT_CONVERSION = YES;
				GCC_WARN_ABOUT_RETURN_TYPE = YES_ERROR;
				GCC_WARN_UNDECLARED_SELECTOR = YES;
				GCC_WARN_UNINITIALIZED_AUTOS = YES_AGGRESSIVE;
				GCC_WARN_UNUSED_FUNCTION = YES;
				GCC_WARN_UNUSED_VARIABLE = YES;
				IPHONEOS_DEPLOYMENT_TARGET = 10.0;
				MTL_ENABLE_DEBUG_INFO = NO;
				SDKROOT = iphoneos;
				TARGETED_DEVICE_FAMILY = "1,2";
				VALIDATE_PRODUCT = YES;
			};
			name = Release;
		};
		34FC41ED1DD179F900A23A8F /* Debug */ = {
			isa = XCBuildConfiguration;
			baseConfigurationReference = 9BB5CB8271F3FD7EA2EAFCC8 /* Pods-sego2.0.debug.xcconfig */;
			buildSettings = {
				ASSETCATALOG_COMPILER_APPICON_NAME = AppIcon;
				DEVELOPMENT_TEAM = 4UKEB375ND;
				ENABLE_BITCODE = NO;
				GCC_INCREASE_PRECOMPILED_HEADER_SHARING = NO;
				GCC_PRECOMPILE_PREFIX_HEADER = YES;
				GCC_PREFIX_HEADER = "$(SRCROOT)/sego2.0/PrefixHeader.pch";
				INFOPLIST_FILE = sego2.0/Info.plist;
				LD_RUNPATH_SEARCH_PATHS = "$(inherited) @executable_path/Frameworks";
				PRODUCT_BUNDLE_IDENTIFIER = "com.sego.rimi.sego2-0";
				PRODUCT_NAME = "$(TARGET_NAME)";
			};
			name = Debug;
		};
		34FC41EE1DD179F900A23A8F /* Release */ = {
			isa = XCBuildConfiguration;
			baseConfigurationReference = D717670192D3D82245676E28 /* Pods-sego2.0.release.xcconfig */;
			buildSettings = {
				ASSETCATALOG_COMPILER_APPICON_NAME = AppIcon;
				DEVELOPMENT_TEAM = 4UKEB375ND;
				ENABLE_BITCODE = NO;
				GCC_INCREASE_PRECOMPILED_HEADER_SHARING = NO;
				GCC_PRECOMPILE_PREFIX_HEADER = YES;
				GCC_PREFIX_HEADER = "$(SRCROOT)/sego2.0/PrefixHeader.pch";
				INFOPLIST_FILE = sego2.0/Info.plist;
				LD_RUNPATH_SEARCH_PATHS = "$(inherited) @executable_path/Frameworks";
				PRODUCT_BUNDLE_IDENTIFIER = "com.sego.rimi.sego2-0";
				PRODUCT_NAME = "$(TARGET_NAME)";
			};
			name = Release;
		};
/* End XCBuildConfiguration section */

/* Begin XCConfigurationList section */
		34FC41CD1DD179F800A23A8F /* Build configuration list for PBXProject "sego2.0" */ = {
			isa = XCConfigurationList;
			buildConfigurations = (
				34FC41EA1DD179F900A23A8F /* Debug */,
				34FC41EB1DD179F900A23A8F /* Release */,
			);
			defaultConfigurationIsVisible = 0;
			defaultConfigurationName = Release;
		};
		34FC41EC1DD179F900A23A8F /* Build configuration list for PBXNativeTarget "sego2.0" */ = {
			isa = XCConfigurationList;
			buildConfigurations = (
				34FC41ED1DD179F900A23A8F /* Debug */,
				34FC41EE1DD179F900A23A8F /* Release */,
			);
			defaultConfigurationIsVisible = 0;
			defaultConfigurationName = Release;
		};
/* End XCConfigurationList section */

/* Begin XCVersionGroup section */
		34FC41E11DD179F900A23A8F /* sego2_0.xcdatamodeld */ = {
			isa = XCVersionGroup;
			children = (
				34FC41E21DD179F900A23A8F /* sego2_0.xcdatamodel */,
			);
			currentVersion = 34FC41E21DD179F900A23A8F /* sego2_0.xcdatamodel */;
			path = sego2_0.xcdatamodeld;
			sourceTree = "<group>";
			versionGroupType = wrapper.xcdatamodel;
		};
/* End XCVersionGroup section */
	};
	rootObject = 34FC41CA1DD179F800A23A8F /* Project object */;
}
