PODS:
  - AFNetworking (2.6.3):
    - AFNetworking/NSURLConnection (= 2.6.3)
    - AFNetworking/NSURLSession (= 2.6.3)
    - AFNetworking/Reachability (= 2.6.3)
    - AFNetworking/Security (= 2.6.3)
    - AFNetworking/Serialization (= 2.6.3)
    - AFNetworking/UIKit (= 2.6.3)
  - AFNetworking/NSURLConnection (2.6.3):
    - AFNetworking/Reachability
    - AFNetworking/Security
    - AFNetworking/Serialization
  - AFNetworking/NSURLSession (2.6.3):
    - AFNetworking/Reachability
    - AFNetworking/Security
    - AFNetworking/Serialization
  - AFNetworking/Reachability (2.6.3)
  - AFNetworking/Security (2.6.3)
  - AFNetworking/Serialization (2.6.3)
  - AFNetworking/UIKit (2.6.3):
    - AFNetworking/NSURLConnection
    - AFNetworking/NSURLSession
  - DACircularProgress (2.3.1)
  - FMDB (2.6):
    - FMDB/standard (= 2.6)
  - FMDB/standard (2.6)
  - IQKeyboardManager (4.0.0)
  - Masonry (0.6.4)
  - MBProgressHUD (0.9.2)
  - MJRefresh (3.1.0)
  - MOBFoundation (1.5.1)
  - MojoDatabase (1.4)
  - MWPhotoBrowser (2.1.1):
    - DACircularProgress (~> 2.3)
    - MBProgressHUD (~> 0.9)
    - SDWebImage (!= 3.7.2, ~> 3.7)
  - RMMapper (1.1.5)
  - SDWebImage (3.7.5):
    - SDWebImage/Core (= 3.7.5)
  - SDWebImage/Core (3.7.5)
  - ShareSDK3 (3.2.2):
    - ShareSDK3/ShareSDK (= 3.2.2)
  - ShareSDK3/ShareSDK (3.2.2)
  - ShareSDK3/ShareSDKPlatforms/QQ (3.2.2)
  - ShareSDK3/ShareSDKPlatforms/SinaWeibo (3.2.2)
  - ShareSDK3/ShareSDKPlatforms/WeChat (3.2.2)
  - ShareSDK3/ShareSDKUI (3.2.2)

DEPENDENCIES:
  - AFNetworking (~> 2.6.0)
  - FMDB (~> 2.2)
  - IQKeyboardManager (~> 4.0.0)
  - Masonry (~> 0.6.0)
  - MBProgressHUD (~> 0.9)
  - MJRefresh (~> 3.1.0)
  - MOBFoundation
  - MojoDatabase (~> 1.4)
  - MWPhotoBrowser (~> 2.1.1)
  - RMMapper (~> 1.1.5)
  - SDWebImage (~> 3.7.1)
  - ShareSDK3
  - ShareSDK3/ShareSDKPlatforms/QQ
  - ShareSDK3/ShareSDKPlatforms/SinaWeibo
  - ShareSDK3/ShareSDKPlatforms/WeChat
  - ShareSDK3/ShareSDKUI

SPEC CHECKSUMS:
  AFNetworking: cb8d14a848e831097108418f5d49217339d4eb60
  DACircularProgress: 4dd437c0fc3da5161cb289e07ac449493d41db71
  FMDB: c1968bab3ab0aed38f66cb778ae1e7fa9a652b6e
  IQKeyboardManager: b91928f7927ba55a5829b4dcf4b7a6736ac9fc22
  Masonry: 281802d04d787ea2973179ee8bcb50500579ede2
  MBProgressHUD: 1569cf7ace17a8bac47aabfbb8580a49690386d1
  MJRefresh: 743e6404967d1c2c688472ea3ecfde247d872db4
  MOBFoundation: 79efc94db961fe5a08cf32de69166f6a29a3b2b5
  MojoDatabase: 02e3eb98510b69033ab537156969d1f76b4f369e
  MWPhotoBrowser: ba0d0c09ffda3a7ea10093518738c502c1c7141c
  RMMapper: 21122d753c736d975f6c61e674afce8db73579af
  SDWebImage: 69c6303e3348fba97e03f65d65d4fbc26740f461
  ShareSDK3: 1c6290878f2d267641d20d516c38b9a11cf5559f

PODFILE CHECKSUM: 3d67530a93de28be4a0375e5906c0488515ded73

COCOAPODS: 1.0.1
